
Microsoft Visual Studio Solution File, Format Version 12.00
# Visual Studio Version 16
VisualStudioVersion = 16.0.30804.86
MinimumVisualStudioVersion = 10.0.40219.1
Project("{FAE04EC0-301F-11D3-BF4B-00C04F79EFBC}") = "calc -ez", "calc -ez\calc -ez.csproj", "{AD6C8D13-7518-4733-AD2A-6D3948EFB1E3}"
EndProject
Global
	GlobalSection(SolutionConfigurationPlatforms) = preSolution
		Debug|Any CPU = Debug|Any CPU
		Release|Any CPU = Release|Any CPU
	EndGlobalSection
	GlobalSection(ProjectConfigurationPlatforms) = postSolution
		{AD6C8D13-7518-4733-AD2A-6D3948EFB1E3}.Debug|Any CPU.ActiveCfg = Debug|Any CPU
		{AD6C8D13-7518-4733-AD2A-6D3948EFB1E3}.Debug|Any CPU.Build.0 = Debug|Any CPU
		{AD6C8D13-7518-4733-AD2A-6D3948EFB1E3}.Release|Any CPU.ActiveCfg = Release|Any CPU
		{AD6C8D13-7518-4733-AD2A-6D3948EFB1E3}.Release|Any CPU.Build.0 = Release|Any CPU
	EndGlobalSection
	GlobalSection(SolutionProperties) = preSolution
		HideSolutionNode = FALSE
	EndGlobalSection
	GlobalSection(ExtensibilityGlobals) = postSolution
		SolutionGuid = {3D186FB5-16BF-4300-B840-F3FD18BB61A9}
	EndGlobalSection
EndGlobal
